
Microsoft Visual Studio Solution File, Format Version 12.00
# Visual Studio 2012
Project("{FAE04EC0-301F-11D3-BF4B-00C04F79EFBC}") = "HTmail", "HTmail\HTmail.csproj", "{AC01ADDD-A6D7-4232-AF3F-E2104167C114}"
EndProject
Project("{FAE04EC0-301F-11D3-BF4B-00C04F79EFBC}") = "clsBuiness", "clsBuiness\clsBuiness.csproj", "{694C0384-F6CF-486C-B58B-AA06945E8245}"
EndProject
Global
	GlobalSection(SolutionConfigurationPlatforms) = preSolution
		Debug|Any CPU = Debug|Any CPU
		Release|Any CPU = Release|Any CPU
	EndGlobalSection
	GlobalSection(ProjectConfigurationPlatforms) = postSolution
		{AC01ADDD-A6D7-4232-AF3F-E2104167C114}.Debug|Any CPU.ActiveCfg = Debug|Any CPU
		{AC01ADDD-A6D7-4232-AF3F-E2104167C114}.Debug|Any CPU.Build.0 = Debug|Any CPU
		{AC01ADDD-A6D7-4232-AF3F-E2104167C114}.Release|Any CPU.ActiveCfg = Release|Any CPU
		{AC01ADDD-A6D7-4232-AF3F-E2104167C114}.Release|Any CPU.Build.0 = Release|Any CPU
		{694C0384-F6CF-486C-B58B-AA06945E8245}.Debug|Any CPU.ActiveCfg = Debug|Any CPU
		{694C0384-F6CF-486C-B58B-AA06945E8245}.Debug|Any CPU.Build.0 = Debug|Any CPU
		{694C0384-F6CF-486C-B58B-AA06945E8245}.Release|Any CPU.ActiveCfg = Release|Any CPU
		{694C0384-F6CF-486C-B58B-AA06945E8245}.Release|Any CPU.Build.0 = Release|Any CPU
	EndGlobalSection
	GlobalSection(SolutionProperties) = preSolution
		HideSolutionNode = FALSE
	EndGlobalSection
EndGlobal
